// !$*UTF8*$!
{
	archiveVersion = 1;
	classes = {
	};
	objectVersion = 46;
	objects = {

/* Begin PBXBuildFile section */
		8DF0B6281B41604900D38A37 /* AppDelegate.swift in Sources */ = {isa = PBXBuildFile; fileRef = 8DF0B6271B41604900D38A37 /* AppDelegate.swift */; };
		8DF0B62A1B41604900D38A37 /* ViewController.swift in Sources */ = {isa = PBXBuildFile; fileRef = 8DF0B6291B41604900D38A37 /* ViewController.swift */; };
		8DF0B62D1B41604900D38A37 /* Main.storyboard in Resources */ = {isa = PBXBuildFile; fileRef = 8DF0B62B1B41604900D38A37 /* Main.storyboard */; };
		8DF0B62F1B41604900D38A37 /* Images.xcassets in Resources */ = {isa = PBXBuildFile; fileRef = 8DF0B62E1B41604900D38A37 /* Images.xcassets */; };
		8DF0B6321B41604900D38A37 /* LaunchScreen.xib in Resources */ = {isa = PBXBuildFile; fileRef = 8DF0B6301B41604900D38A37 /* LaunchScreen.xib */; };
		8DF0B63E1B41604900D38A37 /* AlertSampleTests.swift in Sources */ = {isa = PBXBuildFile; fileRef = 8DF0B63D1B41604900D38A37 /* AlertSampleTests.swift */; };
/* End PBXBuildFile section */

/* Begin PBXContainerItemProxy section */
		8DF0B6381B41604900D38A37 /* PBXContainerItemProxy */ = {
			isa = PBXContainerItemProxy;
			containerPortal = 8DF0B61A1B41604900D38A37 /* Project object */;
			proxyType = 1;
			remoteGlobalIDString = 8DF0B6211B41604900D38A37;
			remoteInfo = AlertSample;
		};
/* End PBXContainerItemProxy section */

/* Begin PBXFileReference section */
		8DF0B6221B41604900D38A37 /* AlertSample.app */ = {isa = PBXFileReference; explicitFileType = wrapper.application; includeInIndex = 0; path = AlertSample.app; sourceTree = BUILT_PRODUCTS_DIR; };
		8DF0B6261B41604900D38A37 /* Info.plist */ = {isa = PBXFileReference; lastKnownFileType = text.plist.xml; path = Info.plist; sourceTree = "<group>"; };
		8DF0B6271B41604900D38A37 /* AppDelegate.swift */ = {isa = PBXFileReference; lastKnownFileType = sourcecode.swift; path = AppDelegate.swift; sourceTree = "<group>"; };
		8DF0B6291B41604900D38A37 /* ViewController.swift */ = {isa = PBXFileReference; lastKnownFileType = sourcecode.swift; path = ViewController.swift; sourceTree = "<group>"; };
		8DF0B62C1B41604900D38A37 /* Base */ = {isa = PBXFileReference; lastKnownFileType = file.storyboard; name = Base; path = Base.lproj/Main.storyboard; sourceTree = "<group>"; };
		8DF0B62E1B41604900D38A37 /* Images.xcassets */ = {isa = PBXFileReference; lastKnownFileType = folder.assetcatalog; path = Images.xcassets; sourceTree = "<group>"; };
		8DF0B6311B41604900D38A37 /* Base */ = {isa = PBXFileReference; lastKnownFileType = file.xib; name = Base; path = Base.lproj/LaunchScreen.xib; sourceTree = "<group>"; };
		8DF0B6371B41604900D38A37 /* AlertSampleTests.xctest */ = {isa = PBXFileReference; explicitFileType = wrapper.cfbundle; includeInIndex = 0; path = AlertSampleTests.xctest; sourceTree = BUILT_PRODUCTS_DIR; };
		8DF0B63C1B41604900D38A37 /* Info.plist */ = {isa = PBXFileReference; lastKnownFileType = text.plist.xml; path = Info.plist; sourceTree = "<group>"; };
		8DF0B63D1B41604900D38A37 /* AlertSampleTests.swift */ = {isa = PBXFileReference; lastKnownFileType = sourcecode.swift; path = AlertSampleTests.swift; sourceTree = "<group>"; };
/* End PBXFileReference section */

/* Begin PBXFrameworksBuildPhase section */
		8DF0B61F1B41604900D38A37 /* Frameworks */ = {
			isa = PBXFrameworksBuildPhase;
			buildActionMask = 2147483647;
			files = (
			);
			runOnlyForDeploymentPostprocessing = 0;
		};
		8DF0B6341B41604900D38A37 /* Frameworks */ = {
			isa = PBXFrameworksBuildPhase;
			buildActionMask = 2147483647;
			files = (
			);
			runOnlyForDeploymentPostprocessing = 0;
		};
/* End PBXFrameworksBuildPhase section */

/* Begin PBXGroup section */
		8DF0B6191B41604900D38A37 = {
			isa = PBXGroup;
			children = (
				8DF0B6241B41604900D38A37 /* AlertSample */,
				8DF0B63A1B41604900D38A37 /* AlertSampleTests */,
				8DF0B6231B41604900D38A37 /* Products */,
			);
			sourceTree = "<group>";
		};
		8DF0B6231B41604900D38A37 /* Products */ = {
			isa = PBXGroup;
			children = (
				8DF0B6221B41604900D38A37 /* AlertSample.app */,
				8DF0B6371B41604900D38A37 /* AlertSampleTests.xctest */,
			);
			name = Products;
			sourceTree = "<group>";
		};
		8DF0B6241B41604900D38A37 /* AlertSample */ = {
			isa = PBXGroup;
			children = (
				8DF0B6271B41604900D38A37 /* AppDelegate.swift */,
				8DF0B6291B41604900D38A37 /* ViewController.swift */,
				8DF0B62B1B41604900D38A37 /* Main.storyboard */,
				8DF0B62E1B41604900D38A37 /* Images.xcassets */,
				8DF0B6301B41604900D38A37 /* LaunchScreen.xib */,
				8DF0B6251B41604900D38A37 /* Supporting Files */,
			);
			path = AlertSample;
			sourceTree = "<group>";
		};
		8DF0B6251B41604900D38A37 /* Supporting Files */ = {
			isa = PBXGroup;
			children = (
				8DF0B6261B41604900D38A37 /* Info.plist */,
			);
			name = "Supporting Files";
			sourceTree = "<group>";
		};
		8DF0B63A1B41604900D38A37 /* AlertSampleTests */ = {
			isa = PBXGroup;
			children = (
				8DF0B63D1B41604900D38A37 /* AlertSampleTests.swift */,
				8DF0B63B1B41604900D38A37 /* Supporting Files */,
			);
			path = AlertSampleTests;
			sourceTree = "<group>";
		};
		8DF0B63B1B41604900D38A37 /* Supporting Files */ = {
			isa = PBXGroup;
			children = (
				8DF0B63C1B41604900D38A37 /* Info.plist */,
			);
			name = "Supporting Files";
			sourceTree = "<group>";
		};
/* End PBXGroup section */

/* Begin PBXNativeTarget section */
		8DF0B6211B41604900D38A37 /* AlertSample */ = {
			isa = PBXNativeTarget;
			buildConfigurationList = 8DF0B6411B41604900D38A37 /* Build configuration list for PBXNativeTarget "AlertSample" */;
			buildPhases = (
				8DF0B61E1B41604900D38A37 /* Sources */,
				8DF0B61F1B41604900D38A37 /* Frameworks */,
				8DF0B6201B41604900D38A37 /* Resources */,
			);
			buildRules = (
			);
			dependencies = (
			);
			name = AlertSample;
			productName = AlertSample;
			productReference = 8DF0B6221B41604900D38A37 /* AlertSample.app */;
			productType = "com.apple.product-type.application";
		};
		8DF0B6361B41604900D38A37 /* AlertSampleTests */ = {
			isa = PBXNativeTarget;
			buildConfigurationList = 8DF0B6441B41604900D38A37 /* Build configuration list for PBXNativeTarget "AlertSampleTests" */;
			buildPhases = (
				8DF0B6331B41604900D38A37 /* Sources */,
				8DF0B6341B41604900D38A37 /* Frameworks */,
				8DF0B6351B41604900D38A37 /* Resources */,
			);
			buildRules = (
			);
			dependencies = (
				8DF0B6391B41604900D38A37 /* PBXTargetDependency */,
			);
			name = AlertSampleTests;
			productName = AlertSampleTests;
			productReference = 8DF0B6371B41604900D38A37 /* AlertSampleTests.xctest */;
			productType = "com.apple.product-type.bundle.unit-test";
		};
/* End PBXNativeTarget section */

/* Begin PBXProject section */
		8DF0B61A1B41604900D38A37 /* Project object */ = {
			isa = PBXProject;
			attributes = {
				LastUpgradeCheck = 0630;
				ORGANIZATIONNAME = suzuki_kiwamu;
				TargetAttributes = {
					8DF0B6211B41604900D38A37 = {
						CreatedOnToolsVersion = 6.3.1;
					};
					8DF0B6361B41604900D38A37 = {
						CreatedOnToolsVersion = 6.3.1;
						TestTargetID = 8DF0B6211B41604900D38A37;
					};
				};
			};
			buildConfigurationList = 8DF0B61D1B41604900D38A37 /* Build configuration list for PBXProject "AlertSample" */;
			compatibilityVersion = "Xcode 3.2";
			developmentRegion = English;
			hasScannedForEncodings = 0;
			knownRegions = (
				en,
				Base,
			);
			mainGroup = 8DF0B6191B41604900D38A37;
			productRefGroup = 8DF0B6231B41604900D38A37 /* Products */;
			projectDirPath = "";
			projectRoot = "";
			targets = (
				8DF0B6211B41604900D38A37 /* AlertSample */,
				8DF0B6361B41604900D38A37 /* AlertSampleTests */,
			);
		};
/* End PBXProject section */

/* Begin PBXResourcesBuildPhase section */
		8DF0B6201B41604900D38A37 /* Resources */ = {
			isa = PBXResourcesBuildPhase;
			buildActionMask = 2147483647;
			files = (
				8DF0B62D1B41604900D38A37 /* Main.storyboard in Resources */,
				8DF0B6321B41604900D38A37 /* LaunchScreen.xib in Resources */,
				8DF0B62F1B41604900D38A37 /* Images.xcassets in Resources */,
			);
			runOnlyForDeploymentPostprocessing = 0;
		};
		8DF0B6351B41604900D38A37 /* Resources */ = {
			isa = PBXResourcesBuildPhase;
			buildActionMask = 2147483647;
			files = (
			);
			runOnlyForDeploymentPostprocessing = 0;
		};
/* End PBXResourcesBuildPhase section */

/* Begin PBXSourcesBuildPhase section */
		8DF0B61E1B41604900D38A37 /* Sources */ = {
			isa = PBXSourcesBuildPhase;
			buildActionMask = 2147483647;
			files = (
				8DF0B62A1B41604900D38A37 /* ViewController.swift in Sources */,
				8DF0B6281B41604900D38A37 /* AppDelegate.swift in Sources */,
			);
			runOnlyForDeploymentPostprocessing = 0;
		};
		8DF0B6331B41604900D38A37 /* Sources */ = {
			isa = PBXSourcesBuildPhase;
			buildActionMask = 2147483647;
			files = (
				8DF0B63E1B41604900D38A37 /* AlertSampleTests.swift in Sources */,
			);
			runOnlyForDeploymentPostprocessing = 0;
		};
/* End PBXSourcesBuildPhase section */

/* Begin PBXTargetDependency section */
		8DF0B6391B41604900D38A37 /* PBXTargetDependency */ = {
			isa = PBXTargetDependency;
			target = 8DF0B6211B41604900D38A37 /* AlertSample */;
			targetProxy = 8DF0B6381B41604900D38A37 /* PBXContainerItemProxy */;
		};
/* End PBXTargetDependency section */

/* Begin PBXVariantGroup section */
		8DF0B62B1B41604900D38A37 /* Main.storyboard */ = {
			isa = PBXVariantGroup;
			children = (
				8DF0B62C1B41604900D38A37 /* Base */,
			);
			name = Main.storyboard;
			sourceTree = "<group>";
		};
		8DF0B6301B41604900D38A37 /* LaunchScreen.xib */ = {
			isa = PBXVariantGroup;
			children = (
				8DF0B6311B41604900D38A37 /* Base */,
			);
			name = LaunchScreen.xib;
			sourceTree = "<group>";
		};
/* End PBXVariantGroup section */

/* Begin XCBuildConfiguration section */
		8DF0B63F1B41604900D38A37 /* Debug */ = {
			isa = XCBuildConfiguration;
			buildSettings = {
				ALWAYS_SEARCH_USER_PATHS = NO;
				CLANG_CXX_LANGUAGE_STANDARD = "gnu++0x";
				CLANG_CXX_LIBRARY = "libc++";
				CLANG_ENABLE_MODULES = YES;
				CLANG_ENABLE_OBJC_ARC = YES;
				CLANG_WARN_BOOL_CONVERSION = YES;
				CLANG_WARN_CONSTANT_CONVERSION = YES;
				CLANG_WARN_DIRECT_OBJC_ISA_USAGE = YES_ERROR;
				CLANG_WARN_EMPTY_BODY = YES;
				CLANG_WARN_ENUM_CONVERSION = YES;
				CLANG_WARN_INT_CONVERSION = YES;
				CLANG_WARN_OBJC_ROOT_CLASS = YES_ERROR;
				CLANG_WARN_UNREACHABLE_CODE = YES;
				CLANG_WARN__DUPLICATE_METHOD_MATCH = YES;
				"CODE_SIGN_IDENTITY[sdk=iphoneos*]" = "iPhone Developer";
				COPY_PHASE_STRIP = NO;
				DEBUG_INFORMATION_FORMAT = "dwarf-with-dsym";
				ENABLE_STRICT_OBJC_MSGSEND = YES;
				GCC_C_LANGUAGE_STANDARD = gnu99;
				GCC_DYNAMIC_NO_PIC = NO;
				GCC_NO_COMMON_BLOCKS = YES;
				GCC_OPTIMIZATION_LEVEL = 0;
				GCC_PREPROCESSOR_DEFINITIONS = (
					"DEBUG=1",
					"$(inherited)",
				);
				GCC_SYMBOLS_PRIVATE_EXTERN = NO;
				GCC_WARN_64_TO_32_BIT_CONVERSION = YES;
				GCC_WARN_ABOUT_RETURN_TYPE = YES_ERROR;
				GCC_WARN_UNDECLARED_SELECTOR = YES;
				GCC_WARN_UNINITIALIZED_AUTOS = YES_AGGRESSIVE;
				GCC_WARN_UNUSED_FUNCTION = YES;
				GCC_WARN_UNUSED_VARIABLE = YES;
				IPHONEOS_DEPLOYMENT_TARGET = 8.3;
				MTL_ENABLE_DEBUG_INFO = YES;
				ONLY_ACTIVE_ARCH = YES;
				SDKROOT = iphoneos;
				SWIFT_OPTIMIZATION_LEVEL = "-Onone";
			};
			name = Debug;
		};
		8DF0B6401B41604900D38A37 /* Release */ = {
			isa = XCBuildConfiguration;
			buildSettings = {
				ALWAYS_SEARCH_USER_PATHS = NO;
				CLANG_CXX_LANGUAGE_STANDARD = "gnu++0x";
				CLANG_CXX_LIBRARY = "libc++";
				CLANG_ENABLE_MODULES = YES;
				CLANG_ENABLE_OBJC_ARC = YES;
				CLANG_WARN_BOOL_CONVERSION = YES;
				CLANG_WARN_CONSTANT_CONVERSION = YES;
				CLANG_WARN_DIRECT_OBJC_ISA_USAGE = YES_ERROR;
				CLANG_WARN_EMPTY_BODY = YES;
				CLANG_WARN_ENUM_CONVERSION = YES;
				CLANG_WARN_INT_CONVERSION = YES;
				CLANG_WARN_OBJC_ROOT_CLASS = YES_ERROR;
				CLANG_WARN_UNREACHABLE_CODE = YES;
				CLANG_WARN__DUPLICATE_METHOD_MATCH = YES;
				"CODE_SIGN_IDENTITY[sdk=iphoneos*]" = "iPhone Developer";
				COPY_PHASE_STRIP = NO;
				DEBUG_INFORMATION_FORMAT = "dwarf-with-dsym";
				ENABLE_NS_ASSERTIONS = NO;
				ENABLE_STRICT_OBJC_MSGSEND = YES;
				GCC_C_LANGUAGE_STANDARD = gnu99;
				GCC_NO_COMMON_BLOCKS = YES;
				GCC_WARN_64_TO_32_BIT_CONVERSION = YES;
				GCC_WARN_ABOUT_RETURN_TYPE = YES_ERROR;
				GCC_WARN_UNDECLARED_SELECTOR = YES;
				GCC_WARN_UNINITIALIZED_AUTOS = YES_AGGRESSIVE;
				GCC_WARN_UNUSED_FUNCTION = YES;
				GCC_WARN_UNUSED_VARIABLE = YES;
				IPHONEOS_DEPLOYMENT_TARGET = 8.3;
				MTL_ENABLE_DEBUG_INFO = NO;
				SDKROOT = iphoneos;
				VALIDATE_PRODUCT = YES;
			};
			name = Release;
		};
		8DF0B6421B41604900D38A37 /* Debug */ = {
			isa = XCBuildConfiguration;
			buildSettings = {
				ASSETCATALOG_COMPILER_APPICON_NAME = AppIcon;
				INFOPLIST_FILE = AlertSample/Info.plist;
				LD_RUNPATH_SEARCH_PATHS = "$(inherited) @executable_path/Frameworks";
				PRODUCT_NAME = "$(TARGET_NAME)";
			};
			name = Debug;
		};
		8DF0B6431B41604900D38A37 /* Release */ = {
			isa = XCBuildConfiguration;
			buildSettings = {
				ASSETCATALOG_COMPILER_APPICON_NAME = AppIcon;
				INFOPLIST_FILE = AlertSample/Info.plist;
				LD_RUNPATH_SEARCH_PATHS = "$(inherited) @executable_path/Frameworks";
				PRODUCT_NAME = "$(TARGET_NAME)";
			};
			name = Release;
		};
		8DF0B6451B41604900D38A37 /* Debug */ = {
			isa = XCBuildConfiguration;
			buildSettings = {
				BUNDLE_LOADER = "$(TEST_HOST)";
				FRAMEWORK_SEARCH_PATHS = (
					"$(SDKROOT)/Developer/Library/Frameworks",
					"$(inherited)",
				);
				GCC_PREPROCESSOR_DEFINITIONS = (
					"DEBUG=1",
					"$(inherited)",
				);
				INFOPLIST_FILE = AlertSampleTests/Info.plist;
				LD_RUNPATH_SEARCH_PATHS = "$(inherited) @executable_path/Frameworks @loader_path/Frameworks";
				PRODUCT_NAME = "$(TARGET_NAME)";
				TEST_HOST = "$(BUILT_PRODUCTS_DIR)/AlertSample.app/AlertSample";
			};
			name = Debug;
		};
		8DF0B6461B41604900D38A37 /* Release */ = {
			isa = XCBuildConfiguration;
			buildSettings = {
				BUNDLE_LOADER = "$(TEST_HOST)";
				FRAMEWORK_SEARCH_PATHS = (
					"$(SDKROOT)/Developer/Library/Frameworks",
					"$(inherited)",
				);
				INFOPLIST_FILE = AlertSampleTests/Info.plist;
				LD_RUNPATH_SEARCH_PATHS = "$(inherited) @executable_path/Frameworks @loader_path/Frameworks";
				PRODUCT_NAME = "$(TARGET_NAME)";
				TEST_HOST = "$(BUILT_PRODUCTS_DIR)/AlertSample.app/AlertSample";
			};
			name = Release;
		};
/* End XCBuildConfiguration section */

/* Begin XCConfigurationList section */
		8DF0B61D1B41604900D38A37 /* Build configuration list for PBXProject "AlertSample" */ = {
			isa = XCConfigurationList;
			buildConfigurations = (
				8DF0B63F1B41604900D38A37 /* Debug */,
				8DF0B6401B41604900D38A37 /* Release */,
			);
			defaultConfigurationIsVisible = 0;
			defaultConfigurationName = Release;
		};
		8DF0B6411B41604900D38A37 /* Build configuration list for PBXNativeTarget "AlertSample" */ = {
			isa = XCConfigurationList;
			buildConfigurations = (
				8DF0B6421B41604900D38A37 /* Debug */,
				8DF0B6431B41604900D38A37 /* Release */,
			);
			defaultConfigurationIsVisible = 0;
		};
		8DF0B6441B41604900D38A37 /* Build configuration list for PBXNativeTarget "AlertSampleTests" */ = {
			isa = XCConfigurationList;
			buildConfigurations = (
				8DF0B6451B41604900D38A37 /* Debug */,
				8DF0B6461B41604900D38A37 /* Release */,
			);
			defaultConfigurationIsVisible = 0;
		};
/* End XCConfigurationList section */
	};
	rootObject = 8DF0B61A1B41604900D38A37 /* Project object */;
}
